
Microsoft Visual Studio Solution File, Format Version 12.00
Project("{2150E333-8FDC-42A3-9474-1A3956D46DE8}") = "Solution Items", "Solution Items", "{0F1D1D2D-C43E-4DFC-A81F-FA55454933F1}"
	ProjectSection(SolutionItems) = preProject
		build.ps1 = build.ps1
	EndProjectSection
EndProject
Project("{2150E333-8FDC-42A3-9474-1A3956D46DE8}") = "Services", "Services", "{155B11F9-8914-449E-A130-43E5B2D0BC59}"
EndProject
Project("{2150E333-8FDC-42A3-9474-1A3956D46DE8}") = "MemberServices", "MemberServices", "{6E1330DE-89D1-4960-AEF3-92510D866665}"
EndProject
Project("{FAE04EC0-301F-11D3-BF4B-00C04F79EFBC}") = "MemberApi", "src\Services\MemberService\MemberApi\MemberApi.csproj", "{A1CA2B3D-8E5F-4A66-B88B-99A121667E8D}"
EndProject
Project("{FAE04EC0-301F-11D3-BF4B-00C04F79EFBC}") = "Database", "src\Services\MemberService\Database\Database.csproj", "{35968EB8-5B53-4664-ACF0-2EA3DCB7FA73}"
EndProject
Project("{FAE04EC0-301F-11D3-BF4B-00C04F79EFBC}") = "Model", "src\Services\MemberService\Model\Model.csproj", "{073E3C61-A075-4096-AD0C-06302646D438}"
EndProject
Project("{FAE04EC0-301F-11D3-BF4B-00C04F79EFBC}") = "Services", "src\Services\MemberService\Services\Services.csproj", "{3D302ADE-28D6-4163-88E0-7C3BE23C7691}"
EndProject
Project("{FAE04EC0-301F-11D3-BF4B-00C04F79EFBC}") = "Test", "src\Services\MemberService\Test\Test.csproj", "{F6480194-4DCD-49E8-B7EC-003236B2D5E7}"
EndProject
Global
	GlobalSection(SolutionConfigurationPlatforms) = preSolution
		Debug|Any CPU = Debug|Any CPU
		Release|Any CPU = Release|Any CPU
	EndGlobalSection
	GlobalSection(ProjectConfigurationPlatforms) = postSolution
		{A1CA2B3D-8E5F-4A66-B88B-99A121667E8D}.Debug|Any CPU.ActiveCfg = Debug|Any CPU
		{A1CA2B3D-8E5F-4A66-B88B-99A121667E8D}.Debug|Any CPU.Build.0 = Debug|Any CPU
		{A1CA2B3D-8E5F-4A66-B88B-99A121667E8D}.Release|Any CPU.ActiveCfg = Release|Any CPU
		{A1CA2B3D-8E5F-4A66-B88B-99A121667E8D}.Release|Any CPU.Build.0 = Release|Any CPU
		{35968EB8-5B53-4664-ACF0-2EA3DCB7FA73}.Debug|Any CPU.ActiveCfg = Debug|Any CPU
		{35968EB8-5B53-4664-ACF0-2EA3DCB7FA73}.Debug|Any CPU.Build.0 = Debug|Any CPU
		{35968EB8-5B53-4664-ACF0-2EA3DCB7FA73}.Release|Any CPU.ActiveCfg = Release|Any CPU
		{35968EB8-5B53-4664-ACF0-2EA3DCB7FA73}.Release|Any CPU.Build.0 = Release|Any CPU
		{073E3C61-A075-4096-AD0C-06302646D438}.Debug|Any CPU.ActiveCfg = Debug|Any CPU
		{073E3C61-A075-4096-AD0C-06302646D438}.Debug|Any CPU.Build.0 = Debug|Any CPU
		{073E3C61-A075-4096-AD0C-06302646D438}.Release|Any CPU.ActiveCfg = Release|Any CPU
		{073E3C61-A075-4096-AD0C-06302646D438}.Release|Any CPU.Build.0 = Release|Any CPU
		{3D302ADE-28D6-4163-88E0-7C3BE23C7691}.Debug|Any CPU.ActiveCfg = Debug|Any CPU
		{3D302ADE-28D6-4163-88E0-7C3BE23C7691}.Debug|Any CPU.Build.0 = Debug|Any CPU
		{3D302ADE-28D6-4163-88E0-7C3BE23C7691}.Release|Any CPU.ActiveCfg = Release|Any CPU
		{3D302ADE-28D6-4163-88E0-7C3BE23C7691}.Release|Any CPU.Build.0 = Release|Any CPU
		{F6480194-4DCD-49E8-B7EC-003236B2D5E7}.Debug|Any CPU.ActiveCfg = Debug|Any CPU
		{F6480194-4DCD-49E8-B7EC-003236B2D5E7}.Debug|Any CPU.Build.0 = Debug|Any CPU
		{F6480194-4DCD-49E8-B7EC-003236B2D5E7}.Release|Any CPU.ActiveCfg = Release|Any CPU
		{F6480194-4DCD-49E8-B7EC-003236B2D5E7}.Release|Any CPU.Build.0 = Release|Any CPU
	EndGlobalSection
	GlobalSection(NestedProjects) = preSolution
		{6E1330DE-89D1-4960-AEF3-92510D866665} = {155B11F9-8914-449E-A130-43E5B2D0BC59}
		{A1CA2B3D-8E5F-4A66-B88B-99A121667E8D} = {6E1330DE-89D1-4960-AEF3-92510D866665}
		{35968EB8-5B53-4664-ACF0-2EA3DCB7FA73} = {6E1330DE-89D1-4960-AEF3-92510D866665}
		{073E3C61-A075-4096-AD0C-06302646D438} = {6E1330DE-89D1-4960-AEF3-92510D866665}
		{3D302ADE-28D6-4163-88E0-7C3BE23C7691} = {6E1330DE-89D1-4960-AEF3-92510D866665}
		{F6480194-4DCD-49E8-B7EC-003236B2D5E7} = {6E1330DE-89D1-4960-AEF3-92510D866665}
	EndGlobalSection
EndGlobal
